
Microsoft Visual Studio Solution File, Format Version 12.00
# Visual Studio 14
VisualStudioVersion = 14.0.24720.0
MinimumVisualStudioVersion = 10.0.40219.1
Project("{FAE04EC0-301F-11D3-BF4B-00C04F79EFBC}") = "DataLayer", "DataLayer\DataLayer.csproj", "{912D8B4C-46E4-4322-8B4C-F6968651A0D8}"
EndProject
Project("{FAE04EC0-301F-11D3-BF4B-00C04F79EFBC}") = "DataLayer.Tests", "DataLayer.Tests\DataLayer.Tests.csproj", "{87C92C93-54D8-4940-924B-6B3EEDA48B9F}"
EndProject
Project("{FAE04EC0-301F-11D3-BF4B-00C04F79EFBC}") = "Accounting.Console", "Accounting.Console\Accounting.Console.csproj", "{1292D720-32C9-4090-AF03-5606913CEF0F}"
EndProject
Project("{FAE04EC0-301F-11D3-BF4B-00C04F79EFBC}") = "Models", "Models\Models.csproj", "{D5B9C4A6-45ED-4F3D-9845-3BE348C6EADD}"
EndProject
Project("{FAE04EC0-301F-11D3-BF4B-00C04F79EFBC}") = "Services", "Services\Services.csproj", "{E2B238C4-4F89-4796-908B-AAC68E5D9897}"
EndProject
Global
	GlobalSection(SolutionConfigurationPlatforms) = preSolution
		Debug|Any CPU = Debug|Any CPU
		Release|Any CPU = Release|Any CPU
	EndGlobalSection
	GlobalSection(ProjectConfigurationPlatforms) = postSolution
		{912D8B4C-46E4-4322-8B4C-F6968651A0D8}.Debug|Any CPU.ActiveCfg = Debug|Any CPU
		{912D8B4C-46E4-4322-8B4C-F6968651A0D8}.Debug|Any CPU.Build.0 = Debug|Any CPU
		{912D8B4C-46E4-4322-8B4C-F6968651A0D8}.Release|Any CPU.ActiveCfg = Release|Any CPU
		{912D8B4C-46E4-4322-8B4C-F6968651A0D8}.Release|Any CPU.Build.0 = Release|Any CPU
		{87C92C93-54D8-4940-924B-6B3EEDA48B9F}.Debug|Any CPU.ActiveCfg = Debug|Any CPU
		{87C92C93-54D8-4940-924B-6B3EEDA48B9F}.Debug|Any CPU.Build.0 = Debug|Any CPU
		{87C92C93-54D8-4940-924B-6B3EEDA48B9F}.Release|Any CPU.ActiveCfg = Release|Any CPU
		{87C92C93-54D8-4940-924B-6B3EEDA48B9F}.Release|Any CPU.Build.0 = Release|Any CPU
		{1292D720-32C9-4090-AF03-5606913CEF0F}.Debug|Any CPU.ActiveCfg = Debug|Any CPU
		{1292D720-32C9-4090-AF03-5606913CEF0F}.Debug|Any CPU.Build.0 = Debug|Any CPU
		{1292D720-32C9-4090-AF03-5606913CEF0F}.Release|Any CPU.ActiveCfg = Release|Any CPU
		{1292D720-32C9-4090-AF03-5606913CEF0F}.Release|Any CPU.Build.0 = Release|Any CPU
		{D5B9C4A6-45ED-4F3D-9845-3BE348C6EADD}.Debug|Any CPU.ActiveCfg = Debug|Any CPU
		{D5B9C4A6-45ED-4F3D-9845-3BE348C6EADD}.Debug|Any CPU.Build.0 = Debug|Any CPU
		{D5B9C4A6-45ED-4F3D-9845-3BE348C6EADD}.Release|Any CPU.ActiveCfg = Release|Any CPU
		{D5B9C4A6-45ED-4F3D-9845-3BE348C6EADD}.Release|Any CPU.Build.0 = Release|Any CPU
		{E2B238C4-4F89-4796-908B-AAC68E5D9897}.Debug|Any CPU.ActiveCfg = Debug|Any CPU
		{E2B238C4-4F89-4796-908B-AAC68E5D9897}.Debug|Any CPU.Build.0 = Debug|Any CPU
		{E2B238C4-4F89-4796-908B-AAC68E5D9897}.Release|Any CPU.ActiveCfg = Release|Any CPU
		{E2B238C4-4F89-4796-908B-AAC68E5D9897}.Release|Any CPU.Build.0 = Release|Any CPU
	EndGlobalSection
	GlobalSection(SolutionProperties) = preSolution
		HideSolutionNode = FALSE
	EndGlobalSection
EndGlobal
